
Microsoft Visual Studio Solution File, Format Version 12.00
# Visual Studio Version 16
VisualStudioVersion = 16.0.30114.105
MinimumVisualStudioVersion = 10.0.40219.1
Project("{FAE04EC0-301F-11D3-BF4B-00C04F79EFBC}") = "API", "API\API.csproj", "{BBA0D10E-7018-42A4-A2BB-3A55DCE7099F}"
EndProject
Project("{FAE04EC0-301F-11D3-BF4B-00C04F79EFBC}") = "Core", "Core\Core.csproj", "{9B321464-8053-4598-8D6B-9AF957D01634}"
EndProject
Project("{FAE04EC0-301F-11D3-BF4B-00C04F79EFBC}") = "Infrastructure", "Infrastructure\Infrastructure.csproj", "{795742EC-6237-4362-8EA8-2A9504D19BD4}"
EndProject
Global
	GlobalSection(SolutionConfigurationPlatforms) = preSolution
		Debug|Any CPU = Debug|Any CPU
		Release|Any CPU = Release|Any CPU
	EndGlobalSection
	GlobalSection(SolutionProperties) = preSolution
		HideSolutionNode = FALSE
	EndGlobalSection
	GlobalSection(ProjectConfigurationPlatforms) = postSolution
		{BBA0D10E-7018-42A4-A2BB-3A55DCE7099F}.Debug|Any CPU.ActiveCfg = Debug|Any CPU
		{BBA0D10E-7018-42A4-A2BB-3A55DCE7099F}.Debug|Any CPU.Build.0 = Debug|Any CPU
		{BBA0D10E-7018-42A4-A2BB-3A55DCE7099F}.Release|Any CPU.ActiveCfg = Release|Any CPU
		{BBA0D10E-7018-42A4-A2BB-3A55DCE7099F}.Release|Any CPU.Build.0 = Release|Any CPU
		{9B321464-8053-4598-8D6B-9AF957D01634}.Debug|Any CPU.ActiveCfg = Debug|Any CPU
		{9B321464-8053-4598-8D6B-9AF957D01634}.Debug|Any CPU.Build.0 = Debug|Any CPU
		{9B321464-8053-4598-8D6B-9AF957D01634}.Release|Any CPU.ActiveCfg = Release|Any CPU
		{9B321464-8053-4598-8D6B-9AF957D01634}.Release|Any CPU.Build.0 = Release|Any CPU
		{795742EC-6237-4362-8EA8-2A9504D19BD4}.Debug|Any CPU.ActiveCfg = Debug|Any CPU
		{795742EC-6237-4362-8EA8-2A9504D19BD4}.Debug|Any CPU.Build.0 = Debug|Any CPU
		{795742EC-6237-4362-8EA8-2A9504D19BD4}.Release|Any CPU.ActiveCfg = Release|Any CPU
		{795742EC-6237-4362-8EA8-2A9504D19BD4}.Release|Any CPU.Build.0 = Release|Any CPU
	EndGlobalSection
EndGlobal
